
Microsoft Visual Studio Solution File, Format Version 12.00
# Visual Studio Version 16
VisualStudioVersion = 16.0.29306.81
MinimumVisualStudioVersion = 10.0.40219.1
Project("{8BC9CEB8-8B4A-11D0-8D11-00A0C91BC942}") = "PixelTiler", "PixelTiler\PixelTiler.vcxproj", "{7A9E82D9-727A-44F4-ACEA-FBA9CFA89367}"
EndProject
Project("{8BC9CEB8-8B4A-11D0-8D11-00A0C91BC942}") = "PixelTiler-test", "PixelTiler-test\PixelTiler-test.vcxproj", "{0BEDB486-4323-4845-9C7D-8D8FC1370523}"
	ProjectSection(ProjectDependencies) = postProject
		{7A9E82D9-727A-44F4-ACEA-FBA9CFA89367} = {7A9E82D9-727A-44F4-ACEA-FBA9CFA89367}
	EndProjectSection
EndProject
Global
	GlobalSection(SolutionConfigurationPlatforms) = preSolution
		Debug|x64 = Debug|x64
		Debug|x86 = Debug|x86
		Release|x64 = Release|x64
		Release|x86 = Release|x86
	EndGlobalSection
	GlobalSection(ProjectConfigurationPlatforms) = postSolution
		{7A9E82D9-727A-44F4-ACEA-FBA9CFA89367}.Debug|x64.ActiveCfg = Debug|x64
		{7A9E82D9-727A-44F4-ACEA-FBA9CFA89367}.Debug|x64.Build.0 = Debug|x64
		{7A9E82D9-727A-44F4-ACEA-FBA9CFA89367}.Debug|x86.ActiveCfg = Debug|Win32
		{7A9E82D9-727A-44F4-ACEA-FBA9CFA89367}.Debug|x86.Build.0 = Debug|Win32
		{7A9E82D9-727A-44F4-ACEA-FBA9CFA89367}.Release|x64.ActiveCfg = Release|x64
		{7A9E82D9-727A-44F4-ACEA-FBA9CFA89367}.Release|x64.Build.0 = Release|x64
		{7A9E82D9-727A-44F4-ACEA-FBA9CFA89367}.Release|x86.ActiveCfg = Release|Win32
		{7A9E82D9-727A-44F4-ACEA-FBA9CFA89367}.Release|x86.Build.0 = Release|Win32
		{0BEDB486-4323-4845-9C7D-8D8FC1370523}.Debug|x64.ActiveCfg = Debug|x64
		{0BEDB486-4323-4845-9C7D-8D8FC1370523}.Debug|x64.Build.0 = Debug|x64
		{0BEDB486-4323-4845-9C7D-8D8FC1370523}.Debug|x86.ActiveCfg = Debug|Win32
		{0BEDB486-4323-4845-9C7D-8D8FC1370523}.Debug|x86.Build.0 = Debug|Win32
		{0BEDB486-4323-4845-9C7D-8D8FC1370523}.Release|x64.ActiveCfg = Release|x64
		{0BEDB486-4323-4845-9C7D-8D8FC1370523}.Release|x64.Build.0 = Release|x64
		{0BEDB486-4323-4845-9C7D-8D8FC1370523}.Release|x86.ActiveCfg = Release|Win32
		{0BEDB486-4323-4845-9C7D-8D8FC1370523}.Release|x86.Build.0 = Release|Win32
	EndGlobalSection
	GlobalSection(SolutionProperties) = preSolution
		HideSolutionNode = FALSE
	EndGlobalSection
	GlobalSection(ExtensibilityGlobals) = postSolution
		SolutionGuid = {ABBE0D9F-F57D-4933-AE05-1C79DE9E49F6}
	EndGlobalSection
EndGlobal
